
Microsoft Visual Studio Solution File, Format Version 12.00
# Visual Studio 15
VisualStudioVersion = 15.0.27428.2037
MinimumVisualStudioVersion = 10.0.40219.1
Project("{9A19103F-16F7-4668-BE54-9A1E7A4F7556}") = "StringPrep.Core.Standard", "StringPrep.Core\StringPrep.Core.Standard.csproj", "{7617BEF9-0A39-4191-97E0-8AC38A4D58C3}"
EndProject
Global
	GlobalSection(SolutionConfigurationPlatforms) = preSolution
		Debug|Any CPU = Debug|Any CPU
		Release|Any CPU = Release|Any CPU
	EndGlobalSection
	GlobalSection(ProjectConfigurationPlatforms) = postSolution
		{7617BEF9-0A39-4191-97E0-8AC38A4D58C3}.Debug|Any CPU.ActiveCfg = Debug|Any CPU
		{7617BEF9-0A39-4191-97E0-8AC38A4D58C3}.Debug|Any CPU.Build.0 = Debug|Any CPU
		{7617BEF9-0A39-4191-97E0-8AC38A4D58C3}.Release|Any CPU.ActiveCfg = Release|Any CPU
		{7617BEF9-0A39-4191-97E0-8AC38A4D58C3}.Release|Any CPU.Build.0 = Release|Any CPU
	EndGlobalSection
	GlobalSection(SolutionProperties) = preSolution
		HideSolutionNode = FALSE
	EndGlobalSection
	GlobalSection(ExtensibilityGlobals) = postSolution
		SolutionGuid = {432D7665-7CC0-4513-A867-A56527AA8779}
	EndGlobalSection
EndGlobal
